
Microsoft Visual Studio Solution File, Format Version 12.00
# Visual Studio Version 17
VisualStudioVersion = 17.14.36518.9 d17.14
MinimumVisualStudioVersion = 10.0.40219.1
Project("{FAE04EC0-301F-11D3-BF4B-00C04F79EFBC}") = "lab5", "lab5\lab5.csproj", "{945DAAE1-5DE1-431A-9792-B5194082F2DA}"
EndProject
Global
	GlobalSection(SolutionConfigurationPlatforms) = preSolution
		Debug|Any CPU = Debug|Any CPU
		Release|Any CPU = Release|Any CPU
	EndGlobalSection
	GlobalSection(ProjectConfigurationPlatforms) = postSolution
		{945DAAE1-5DE1-431A-9792-B5194082F2DA}.Debug|Any CPU.ActiveCfg = Debug|Any CPU
		{945DAAE1-5DE1-431A-9792-B5194082F2DA}.Debug|Any CPU.Build.0 = Debug|Any CPU
		{945DAAE1-5DE1-431A-9792-B5194082F2DA}.Release|Any CPU.ActiveCfg = Release|Any CPU
		{945DAAE1-5DE1-431A-9792-B5194082F2DA}.Release|Any CPU.Build.0 = Release|Any CPU
	EndGlobalSection
	GlobalSection(SolutionProperties) = preSolution
		HideSolutionNode = FALSE
	EndGlobalSection
	GlobalSection(ExtensibilityGlobals) = postSolution
		SolutionGuid = {FF71E965-7871-4DA8-80FA-84D7724509C0}
	EndGlobalSection
EndGlobal
